
Microsoft Visual Studio Solution File, Format Version 12.00
# Visual Studio Version 16
VisualStudioVersion = 16.0.31105.61
MinimumVisualStudioVersion = 10.0.40219.1
Project("{8BC9CEB8-8B4A-11D0-8D11-00A0C91BC942}") = "TestPrimeSitoEratostenesa", "TestPrimeSitoEratostenesa.vcxproj", "{DFEB807A-FA30-42D4-B86E-82C2B037E244}"
EndProject
Global
	GlobalSection(SolutionConfigurationPlatforms) = preSolution
		Debug|x64 = Debug|x64
		Debug|x86 = Debug|x86
		Release|x64 = Release|x64
		Release|x86 = Release|x86
	EndGlobalSection
	GlobalSection(ProjectConfigurationPlatforms) = postSolution
		{DFEB807A-FA30-42D4-B86E-82C2B037E244}.Debug|x64.ActiveCfg = Debug|x64
		{DFEB807A-FA30-42D4-B86E-82C2B037E244}.Debug|x64.Build.0 = Debug|x64
		{DFEB807A-FA30-42D4-B86E-82C2B037E244}.Debug|x86.ActiveCfg = Debug|Win32
		{DFEB807A-FA30-42D4-B86E-82C2B037E244}.Debug|x86.Build.0 = Debug|Win32
		{DFEB807A-FA30-42D4-B86E-82C2B037E244}.Release|x64.ActiveCfg = Release|x64
		{DFEB807A-FA30-42D4-B86E-82C2B037E244}.Release|x64.Build.0 = Release|x64
		{DFEB807A-FA30-42D4-B86E-82C2B037E244}.Release|x86.ActiveCfg = Release|Win32
		{DFEB807A-FA30-42D4-B86E-82C2B037E244}.Release|x86.Build.0 = Release|Win32
	EndGlobalSection
	GlobalSection(SolutionProperties) = preSolution
		HideSolutionNode = FALSE
	EndGlobalSection
	GlobalSection(ExtensibilityGlobals) = postSolution
		SolutionGuid = {24C21007-0ECC-464B-B799-8C1D35935C34}
	EndGlobalSection
EndGlobal
